
Microsoft Visual Studio Solution File, Format Version 11.00
# Visual Studio 2010
Project("{FAE04EC0-301F-11D3-BF4B-00C04F79EFBC}") = "FishEyeSL", "FishEyeSL\FishEyeSL.csproj", "{B149D939-955D-4ED8-ADD7-ACC66A013413}"
EndProject
Project("{FAE04EC0-301F-11D3-BF4B-00C04F79EFBC}") = "FishEyeSLTest", "FishEyeSLTest\FishEyeSLTest.csproj", "{9D9A4947-234B-4005-8448-F0CB25ECB88E}"
EndProject
Global
	GlobalSection(SolutionConfigurationPlatforms) = preSolution
		Debug|Any CPU = Debug|Any CPU
		Release|Any CPU = Release|Any CPU
	EndGlobalSection
	GlobalSection(ProjectConfigurationPlatforms) = postSolution
		{B149D939-955D-4ED8-ADD7-ACC66A013413}.Debug|Any CPU.ActiveCfg = Debug|Any CPU
		{B149D939-955D-4ED8-ADD7-ACC66A013413}.Debug|Any CPU.Build.0 = Debug|Any CPU
		{B149D939-955D-4ED8-ADD7-ACC66A013413}.Release|Any CPU.ActiveCfg = Release|Any CPU
		{B149D939-955D-4ED8-ADD7-ACC66A013413}.Release|Any CPU.Build.0 = Release|Any CPU
		{9D9A4947-234B-4005-8448-F0CB25ECB88E}.Debug|Any CPU.ActiveCfg = Debug|Any CPU
		{9D9A4947-234B-4005-8448-F0CB25ECB88E}.Debug|Any CPU.Build.0 = Debug|Any CPU
		{9D9A4947-234B-4005-8448-F0CB25ECB88E}.Release|Any CPU.ActiveCfg = Release|Any CPU
		{9D9A4947-234B-4005-8448-F0CB25ECB88E}.Release|Any CPU.Build.0 = Release|Any CPU
	EndGlobalSection
	GlobalSection(SolutionProperties) = preSolution
		HideSolutionNode = FALSE
	EndGlobalSection
EndGlobal
