
Microsoft Visual Studio Solution File, Format Version 11.00
# Visual Studio 2010
Project("{FAE04EC0-301F-11D3-BF4B-00C04F79EFBC}") = "PageFlip", "PageFlip\PageFlip.csproj", "{03C71443-9691-4550-968B-2770AC586C24}"
	ProjectSection(ProjectDependencies) = postProject
		{C6BB062E-7EAB-49F6-AE67-9253AE0DDEDB} = {C6BB062E-7EAB-49F6-AE67-9253AE0DDEDB}
	EndProjectSection
EndProject
Project("{FAE04EC0-301F-11D3-BF4B-00C04F79EFBC}") = "PageFlip.Web", "PageFlip.Web\PageFlip.Web.csproj", "{C6BB062E-7EAB-49F6-AE67-9253AE0DDEDB}"
EndProject
Project("{FAE04EC0-301F-11D3-BF4B-00C04F79EFBC}") = "ShaderEffectsLibrary", "ShaderEffectsLibrary\ShaderEffectsLibrary.csproj", "{A933FC48-0061-4994-881F-2146B5B407C3}"
EndProject
Project("{FAE04EC0-301F-11D3-BF4B-00C04F79EFBC}") = "SLMitsuControls", "SLMitsuControls\SLMitsuControls.csproj", "{32A1603F-3698-47DC-BB94-A256006C079F}"
EndProject
Project("{FAE04EC0-301F-11D3-BF4B-00C04F79EFBC}") = "DataController", "DataController\DataController.csproj", "{8FB5EB40-39C8-42DC-89B8-9E382FD1C084}"
EndProject
Project("{FAE04EC0-301F-11D3-BF4B-00C04F79EFBC}") = "DataManager", "DataManager\DataManager.csproj", "{16865105-7BB0-47FE-95BA-1D29A68D76E2}"
EndProject
Global
	GlobalSection(SolutionConfigurationPlatforms) = preSolution
		Debug|Any CPU = Debug|Any CPU
		Release|Any CPU = Release|Any CPU
	EndGlobalSection
	GlobalSection(ProjectConfigurationPlatforms) = postSolution
		{03C71443-9691-4550-968B-2770AC586C24}.Debug|Any CPU.ActiveCfg = Debug|Any CPU
		{03C71443-9691-4550-968B-2770AC586C24}.Debug|Any CPU.Build.0 = Debug|Any CPU
		{03C71443-9691-4550-968B-2770AC586C24}.Release|Any CPU.ActiveCfg = Release|Any CPU
		{03C71443-9691-4550-968B-2770AC586C24}.Release|Any CPU.Build.0 = Release|Any CPU
		{C6BB062E-7EAB-49F6-AE67-9253AE0DDEDB}.Debug|Any CPU.ActiveCfg = Debug|Any CPU
		{C6BB062E-7EAB-49F6-AE67-9253AE0DDEDB}.Debug|Any CPU.Build.0 = Debug|Any CPU
		{C6BB062E-7EAB-49F6-AE67-9253AE0DDEDB}.Release|Any CPU.ActiveCfg = Release|Any CPU
		{C6BB062E-7EAB-49F6-AE67-9253AE0DDEDB}.Release|Any CPU.Build.0 = Release|Any CPU
		{A933FC48-0061-4994-881F-2146B5B407C3}.Debug|Any CPU.ActiveCfg = Debug|Any CPU
		{A933FC48-0061-4994-881F-2146B5B407C3}.Debug|Any CPU.Build.0 = Debug|Any CPU
		{A933FC48-0061-4994-881F-2146B5B407C3}.Release|Any CPU.ActiveCfg = Release|Any CPU
		{A933FC48-0061-4994-881F-2146B5B407C3}.Release|Any CPU.Build.0 = Release|Any CPU
		{32A1603F-3698-47DC-BB94-A256006C079F}.Debug|Any CPU.ActiveCfg = Debug|Any CPU
		{32A1603F-3698-47DC-BB94-A256006C079F}.Debug|Any CPU.Build.0 = Debug|Any CPU
		{32A1603F-3698-47DC-BB94-A256006C079F}.Release|Any CPU.ActiveCfg = Release|Any CPU
		{32A1603F-3698-47DC-BB94-A256006C079F}.Release|Any CPU.Build.0 = Release|Any CPU
		{8FB5EB40-39C8-42DC-89B8-9E382FD1C084}.Debug|Any CPU.ActiveCfg = Debug|Any CPU
		{8FB5EB40-39C8-42DC-89B8-9E382FD1C084}.Debug|Any CPU.Build.0 = Debug|Any CPU
		{8FB5EB40-39C8-42DC-89B8-9E382FD1C084}.Release|Any CPU.ActiveCfg = Release|Any CPU
		{8FB5EB40-39C8-42DC-89B8-9E382FD1C084}.Release|Any CPU.Build.0 = Release|Any CPU
		{16865105-7BB0-47FE-95BA-1D29A68D76E2}.Debug|Any CPU.ActiveCfg = Debug|Any CPU
		{16865105-7BB0-47FE-95BA-1D29A68D76E2}.Debug|Any CPU.Build.0 = Debug|Any CPU
		{16865105-7BB0-47FE-95BA-1D29A68D76E2}.Release|Any CPU.ActiveCfg = Release|Any CPU
		{16865105-7BB0-47FE-95BA-1D29A68D76E2}.Release|Any CPU.Build.0 = Release|Any CPU
	EndGlobalSection
	GlobalSection(SolutionProperties) = preSolution
		HideSolutionNode = FALSE
	EndGlobalSection
EndGlobal
